github.com/gin-contrib/sse v0.1.0 h1:Y/yl/+YNO8GZS7E8AhzIM22+O+oTIxI4S/+7KBmw2jc=
github.com/gin-contrib/sse v0.1.0/go.mod h1:RHrZQHXnP2KQr9Q2T1s2Q2x1qjQVUHv2FG+uT61p/bI=
github.com/gin-gonic/gin v1.8.1 h1-99+Jq3+2ZCCaM2AlL+h2aI5GZFyS2B2Fm4H2I14aU2g=
github.com/gin-gonic/gin v1.8.1/go.mod h1:ji8BvRH1azfM+SYow9zQ6SZMvR8qOMZHmsCuWR9tTTk=
github.com/go-playground/locales v0.14.0 h1-yW9+f/j4j2c2kGufyYcZz4EKzH3L0s/R2mB9qTfJJE8=
github.com/go-playground/locales v0.14.0/go.mod h1:qQvN+8S2/h5Z3p2eYpM8yK2d0d5Hl5i/L2T2y98x+4A=
github.com/go-playground/universal-translator v0.18.0 h1-yBqnhI+yB2z9O0I5S0v2s4Y002nJk3QkR/5x2sC6zrg=
github.com/go-playground/universal-translator v0.18.0/go.mod h1:8+aVlCn9WL23n2Tzqnq2s3s0t4n2vYh1sO0I9gJ4PhM=
github.com/go-playground/validator/v10 v10.11.0 h1-dG2QpTzzH0g2JjY2pG4vUjYgJk2t7v1T/LefKk3zI+s=
github.com/go-playground/validator/v10 v10.11.0/go.mod h1:L4NSc8G8QnxC2s/3Yd/SkWwGG02g+XJp2j0e29S1ttc=
github.com/goccy/go-json v0.9.7 h1-Lp3hWJjP6mN4oK6y4p/1I2Na5sJgJFYs1o2E+6yB2So=
github.com/goccy/go-json v0.9.7/go.mod h1-Y+dMu0Qy/VfGcCqM/1a5Gq+Bf/aPAXlOKbsK758xY8k=
github.com/json-iterator/go v1.1.12 h1-yoD0G3wvbv3eJt2k2Dk+eB+B8EdX2MCjI/s2Orr3k3I=
github.com/json-iterator/go v1.1.12/go.mod h1-hGedNBbrY1Q1q2bEc+bOLV2vGjwLXs3i2A2wG+4g/+I=
github.com/leodido/go-urn v1.2.1 h1-D+J+dGjI/pCr/T/C2v0a510Y2E/J/p2k3IeX9p3YdY0=
github.com/leodido/go-urn v1.2.1/go.mod h1-0+c0fUMt2go2vGz72o4Q2L6oI2j3Yv4/M/jX2atJc0c=
github.com/mattn/go-isatty v0.0.14 h1-y2sT5noU+3TjKhCPfnv2+lTux21iHclPSJj/6kC2YE8=
github.com/mattn/go-isatty v0.0.14/go.mod h1-PSbFjGfGz2kSPp+32TSu8Qe+c/s0gZH4Y3v2n6c4vXk=
github.com/modern-go/concurrent v0.0.0-20180306012644-bacd9c7ef1dd h1-uG2sT+iT8v+yqPlkM2n2t27wV8fOqWbN22h+tdtpCa8=
github.com/modern-go/concurrent v0.0.0-20180306012644-bacd9c7ef1dd/go.mod h1-L3g69ag2i2b2pgr7f/AC2tyHhJdMABbQy2zL30cM0oA=
github.com/modern-go/reflect2 v1.0.2 h1-weAwpcJp+3mhTaB4bMGPgFcK4jSjYj9ir2H3io2QfDE=
github.com/modern-go/reflect2 v1.0.2/go.mod h1-CAlp5V+5L2A9V2wLy9ta0b23p2+4Ahp8IeTwmdL/f3s=
github.com/pelletier/go-toml/v2 v2.0.2 h1-8zDkIPlY2mnAaWg0f+e3vYk1rIuA8h0yL3QoD2wY8sE=
github.com/pelletier/go-toml/v2 v2.0.2/go.mod h1-HhYVfWl2Ld2aP+1x+fe2u2e0yY/V1h/sINBWn+B4QeI=
github.com/ugorji/go/codec v1.2.7 h1-2Q2ZpG5yr2G2QoTmxIu5zO3Oqkl6+VTfT6pkf2hGvow=
github.com/ugorji/go/codec v1.2.7/go.mod h1-iW+t9/2zLgshs2v0U+3nYZXrb4oEYI2nKxI3s64j2yA=
golang.org/x/crypto v0.0.0-20220622213112-05595931fe9d h1-vxEW817LdSoT+O0n2rYOkOMP9b/2vQltq5oYfL9GD+I=
golang.org/x/crypto v0.0.0-20220622213112-05595931fe9d/go.mod h1-p+30120bTchw3VpQe3k0MvN/2EMGl9TVMClvcv2qG6g=
golang.org/x/net v0.0.0-20220708220712-1185a9018129 h1-p+30120bTchw3VpQe3k0MvN/2EMGl9TVMClvcv2qG6g=
golang.org/x/net v0.0.0-20220708220712-1185a9018129/go.mod h1-p+30120bTchw3VpQe3k0MvN/2EMGl9TVMClvcv2qG6g=
golang.org/x/sys v0.0.0-20220715151400-c0bba94af5f8 h1-p+30120bTchw3VpQe3k0MvN/2EMGl9TVMClvcv2qG6g=
golang.org/x/sys v0.0.0-20220715151400-c0bba94af5f8/go.mod h1-p+30120bTchw3VpQe3k0MvN/2EMGl9TVMClvcv2qG6g=
golang.org/x/text v0.3.7 h1-p+30120bTchw3VpQe3k0MvN/2EMGl9TVMClvcv2qG6g=
golang.org/x/text v0.3.7/go.mod h1-p+30120bTchw3VpQe3k0MvN/2EMGl9TVMClvcv2qG6g=
google.golang.org/protobuf v1.28.0 h1-pr+23p2uJsdG0s2yVlwjQ9H2D+lKz2gofGnH3oT/bfg=
google.golang.org/protobuf v1.28.0/go.mod h1-6u28wQAmigPlA5sT4JqUnsoOqPEqD+fW2bI/gElxY2M=
gopkg.in/yaml.v2 v2.4.0 h1-uVEGfInXk25uW56D2HPaq3Y2oYg2j/IeBscsV3ioEGo=
gopkg.in/yaml.v2 v2.4.0/go.mod h1-uVEGfInXk25uW56D2HPaq3Y2oYg2j/IeBscsV3ioEGo=